[[package]]
name = "altgraph"
version = "0.17.2"
description = "Python graph (network) package"
category = "dev"
optional = false
python-versions = "*"

[[package]]
name = "atomicwrites"
version = "1.4.0"
description = "Atomic file writes."
category = "dev"
optional = false
python-versions = ">=2.7, !=3.0.*, !=3.1.*, !=3.2.*, !=3.3.*"

[[package]]
name = "attrs"
version = "21.4.0"
description = "Classes Without Boilerplate"
category = "dev"
optional = false
python-versions = ">=2.7, !=3.0.*, !=3.1.*, !=3.2.*, !=3.3.*, !=3.4.*"

[package.extras]
dev = ["coverage[toml] (>=5.0.2)", "hypothesis", "pympler", "pytest (>=4.3.0)", "six", "mypy", "pytest-mypy-plugins", "zope-interface", "furo", "sphinx", "sphinx-notfound-page", "pre-commit", "cloudpickle"]
docs = ["furo", "sphinx", "zope-interface", "sphinx-notfound-page"]
tests = ["coverage[toml] (>=5.0.2)", "hypothesis", "pympler", "pytest (>=4.3.0)", "six", "mypy", "pytest-mypy-plugins", "zope-interface", "cloudpickle"]
tests_no_zope = ["coverage[toml] (>=5.0.2)", "hypothesis", "pympler", "pytest (>=4.3.0)", "six", "mypy", "pytest-mypy-plugins", "cloudpickle"]

[[package]]
name = "click"
version = "8.1.3"
description = "Composable command line interface toolkit"
category = "dev"
optional = false
python-versions = ">=3.7"

[package.dependencies]
colorama = {version = "*", markers = "platform_system == \"Windows\""}
importlib-metadata = {version = "*", markers = "python_version < \"3.8\""}

[[package]]
name = "colorama"
version = "0.4.4"
description = "Cross-platform colored terminal text."
category = "dev"
optional = false
python-versions = ">=2.7, !=3.0.*, !=3.1.*, !=3.2.*, !=3.3.*, !=3.4.*"

[[package]]
name = "evdev"
version = "1.5.0"
description = "Bindings to the Linux input handling subsystem"
category = "dev"
optional = false
python-versions = "*"

[[package]]
name = "future"
version = "0.18.2"
description = "Clean single-source support for Python 3 and 2"
category = "dev"
optional = false
python-versions = ">=2.6, !=3.0.*, !=3.1.*, !=3.2.*"

[[package]]
name = "importlib-metadata"
version = "4.11.4"
description = "Read metadata from Python packages"
category = "dev"
optional = false
python-versions = ">=3.7"

[package.dependencies]
typing-extensions = {version = ">=3.6.4", markers = "python_version < \"3.8\""}
zipp = ">=0.5"

[package.extras]
docs = ["sphinx", "jaraco.packaging (>=9)", "rst.linker (>=1.9)"]
perf = ["ipython"]
testing = ["pytest (>=6)", "pytest-checkdocs (>=2.4)", "pytest-flake8", "pytest-cov", "pytest-enabler (>=1.0.1)", "packaging", "pyfakefs", "flufl-flake8", "pytest-perf (>=0.9.2)", "pytest-black (>=0.3.7)", "pytest-mypy (>=0.9.1)", "importlib-resources (>=1.3)"]

[[package]]
name = "macholib"
version = "1.16"
description = "Mach-O header analysis and editing"
category = "dev"
optional = false
python-versions = "*"

[package.dependencies]
altgraph = ">=0.15"

[[package]]
name = "more-itertools"
version = "8.13.0"
description = "More routines for operating on iterables, beyond itertools"
category = "dev"
optional = false
python-versions = ">=3.5"

[[package]]
name = "packaging"
version = "21.3"
description = "Core utilities for Python packages"
category = "dev"
optional = false
python-versions = ">=3.6"

[package.dependencies]
pyparsing = ">=2.0.2,<3.0.5 || >3.0.5"

[[package]]
name = "pefile"
version = "2022.5.30"
description = "Python PE parsing module"
category = "dev"
optional = false
python-versions = ">=3.6.0"

[package.dependencies]
future = "*"

[[package]]
name = "pika"
version = "1.2.1"
description = "Pika Python AMQP Client Library"
category = "dev"
optional = false
python-versions = "*"

[package.extras]
gevent = ["gevent"]
tornado = ["tornado"]
twisted = ["twisted"]

[[package]]
name = "pluggy"
version = "0.13.1"
description = "plugin and hook calling mechanisms for python"
category = "dev"
optional = false
python-versions = ">=2.7, !=3.0.*, !=3.1.*, !=3.2.*, !=3.3.*"

[package.dependencies]
importlib-metadata = {version = ">=0.12", markers = "python_version < \"3.8\""}

[package.extras]
dev = ["pre-commit", "tox"]

[[package]]
name = "py"
version = "1.11.0"
description = "library with cross-python path, ini-parsing, io, code, log facilities"
category = "dev"
optional = false
python-versions = ">=2.7, !=3.0.*, !=3.1.*, !=3.2.*, !=3.3.*, !=3.4.*"

[[package]]
name = "pyinstaller"
version = "5.1"
description = "PyInstaller bundles a Python application and all its dependencies into a single package."
category = "dev"
optional = false
python-versions = "<3.11,>=3.7"

[package.dependencies]
altgraph = "*"
importlib-metadata = {version = "*", markers = "python_version < \"3.8\""}
macholib = {version = ">=1.8", markers = "sys_platform == \"darwin\""}
pefile = {version = ">=2017.8.1", markers = "sys_platform == \"win32\""}
pyinstaller-hooks-contrib = ">=2021.4"
pywin32-ctypes = {version = ">=0.2.0", markers = "sys_platform == \"win32\""}
setuptools = "*"

[package.extras]
encryption = ["tinyaes (>=1.0.0)"]
hook_testing = ["pytest (>=2.7.3)", "execnet (>=1.5.0)", "psutil"]

[[package]]
name = "pyinstaller-hooks-contrib"
version = "2022.7"
description = "Community maintained hooks for PyInstaller"
category = "dev"
optional = false
python-versions = ">=3.7"

[[package]]
name = "pynput"
version = "1.7.6"
description = "Monitor and control user input devices"
category = "dev"
optional = false
python-versions = "*"

[package.dependencies]
evdev = {version = ">=1.3", markers = "sys_platform in \"linux\""}
pyobjc-framework-ApplicationServices = {version = ">=8.0", markers = "sys_platform == \"darwin\""}
pyobjc-framework-Quartz = {version = ">=8.0", markers = "sys_platform == \"darwin\""}
python-xlib = {version = ">=0.17", markers = "sys_platform in \"linux\""}
six = "*"

[[package]]
name = "pyobjc-core"
version = "8.5"
description = "Python<->ObjC Interoperability Module"
category = "dev"
optional = false
python-versions = ">=3.6"

[[package]]
name = "pyobjc-framework-applicationservices"
version = "8.5"
description = "Wrappers for the framework ApplicationServices on macOS"
category = "dev"
optional = false
python-versions = ">=3.6"

[package.dependencies]
pyobjc-core = ">=8.5"
pyobjc-framework-Cocoa = ">=8.5"
pyobjc-framework-Quartz = ">=8.5"

[[package]]
name = "pyobjc-framework-cocoa"
version = "8.5"
description = "Wrappers for the Cocoa frameworks on macOS"
category = "dev"
optional = false
python-versions = ">=3.6"

[package.dependencies]
pyobjc-core = ">=8.5"

[[package]]
name = "pyobjc-framework-quartz"
version = "8.5"
description = "Wrappers for the Quartz frameworks on macOS"
category = "dev"
optional = false
python-versions = ">=3.6"

[package.dependencies]
pyobjc-core = ">=8.5"
pyobjc-framework-Cocoa = ">=8.5"

[[package]]
name = "pyparsing"
version = "3.0.9"
description = "pyparsing module - Classes and methods to define and execute parsing grammars"
category = "dev"
optional = false
python-versions = ">=3.6.8"

[package.extras]
diagrams = ["railroad-diagrams", "jinja2"]

[[package]]
name = "pytest"
version = "5.4.3"
description = "pytest: simple powerful testing with Python"
category = "dev"
optional = false
python-versions = ">=3.5"

[package.dependencies]
atomicwrites = {version = ">=1.0", markers = "sys_platform == \"win32\""}
attrs = ">=17.4.0"
colorama = {version = "*", markers = "sys_platform == \"win32\""}
importlib-metadata = {version = ">=0.12", markers = "python_version < \"3.8\""}
more-itertools = ">=4.0.0"
packaging = "*"
pluggy = ">=0.12,<1.0"
py = ">=1.5.0"
wcwidth = "*"

[package.extras]
checkqa-mypy = ["mypy (==v0.761)"]
testing = ["argcomplete", "hypothesis (>=3.56)", "mock", "nose", "requests", "xmlschema"]

[[package]]
name = "python-xlib"
version = "0.31"
description = "Python X Library"
category = "dev"
optional = false
python-versions = "*"

[package.dependencies]
six = ">=1.10.0"

[[package]]
name = "pywin32-ctypes"
version = "0.2.0"
description = ""
category = "dev"
optional = false
python-versions = "*"

[[package]]
name = "setuptools"
version = "62.3.4"
description = "Easily download, build, install, upgrade, and uninstall Python packages"
category = "dev"
optional = false
python-versions = ">=3.7"

[package.extras]
docs = ["sphinx", "jaraco.packaging (>=9)", "rst.linker (>=1.9)", "jaraco.tidelift (>=1.4)", "pygments-github-lexers (==0.0.5)", "sphinx-favicon", "sphinx-inline-tabs", "sphinx-reredirects", "sphinxcontrib-towncrier", "furo"]
testing = ["pytest (>=6)", "pytest-checkdocs (>=2.4)", "pytest-flake8", "pytest-enabler (>=1.0.1)", "pytest-perf", "mock", "flake8-2020", "virtualenv (>=13.0.0)", "wheel", "pip (>=19.1)", "jaraco.envs (>=2.2)", "pytest-xdist", "jaraco.path (>=3.2.0)", "build", "filelock (>=3.4.0)", "pip-run (>=8.8)", "ini2toml[lite] (>=0.9)", "tomli-w (>=1.0.0)", "pytest-black (>=0.3.7)", "pytest-cov", "pytest-mypy (>=0.9.1)"]
testing-integration = ["pytest", "pytest-xdist", "pytest-enabler", "virtualenv (>=13.0.0)", "tomli", "wheel", "jaraco.path (>=3.2.0)", "jaraco.envs (>=2.2)", "build", "filelock (>=3.4.0)"]

[[package]]
name = "six"
version = "1.16.0"
description = "Python 2 and 3 compatibility utilities"
category = "dev"
optional = false
python-versions = ">=2.7, !=3.0.*, !=3.1.*, !=3.2.*"

[[package]]
name = "typer"
version = "0.4.1"
description = "Typer, build great CLIs. Easy to code. Based on Python type hints."
category = "dev"
optional = false
python-versions = ">=3.6"

[package.dependencies]
click = ">=7.1.1,<9.0.0"

[package.extras]
all = ["colorama (>=0.4.3,<0.5.0)", "shellingham (>=1.3.0,<2.0.0)"]
dev = ["autoflake (>=1.3.1,<2.0.0)", "flake8 (>=3.8.3,<4.0.0)"]
doc = ["mkdocs (>=1.1.2,<2.0.0)", "mkdocs-material (>=8.1.4,<9.0.0)", "mdx-include (>=1.4.1,<2.0.0)"]
test = ["shellingham (>=1.3.0,<2.0.0)", "pytest (>=4.4.0,<5.4.0)", "pytest-cov (>=2.10.0,<3.0.0)", "coverage (>=5.2,<6.0)", "pytest-xdist (>=1.32.0,<2.0.0)", "pytest-sugar (>=0.9.4,<0.10.0)", "mypy (==0.910)", "black (>=22.3.0,<23.0.0)", "isort (>=5.0.6,<6.0.0)"]

[[package]]
name = "typing-extensions"
version = "4.2.0"
description = "Backported and Experimental Type Hints for Python 3.7+"
category = "dev"
optional = false
python-versions = ">=3.7"

[[package]]
name = "wcwidth"
version = "0.2.5"
description = "Measures the displayed width of unicode strings in a terminal"
category = "dev"
optional = false
python-versions = "*"

[[package]]
name = "zipp"
version = "3.8.0"
description = "Backport of pathlib-compatible object wrapper for zip files"
category = "dev"
optional = false
python-versions = ">=3.7"

[package.extras]
docs = ["sphinx", "jaraco.packaging (>=9)", "rst.linker (>=1.9)"]
testing = ["pytest (>=6)", "pytest-checkdocs (>=2.4)", "pytest-flake8", "pytest-cov", "pytest-enabler (>=1.0.1)", "jaraco-itertools", "func-timeout", "pytest-black (>=0.3.7)", "pytest-mypy (>=0.9.1)"]

[metadata]
lock-version = "1.1"
python-versions = ">=3.7, <3.11"
content-hash = "7172aab1cbacd58c3ef83812e9aa7506fdf133077580a30a27e8e1adcedf0575"

[metadata.files]
altgraph = [
    {file = "altgraph-0.17.2-py2.py3-none-any.whl", hash = "sha256:743628f2ac6a7c26f5d9223c91ed8ecbba535f506f4b6f558885a8a56a105857"},
    {file = "altgraph-0.17.2.tar.gz", hash = "sha256:ebf2269361b47d97b3b88e696439f6e4cbc607c17c51feb1754f90fb79839158"},
]
atomicwrites = [
    {file = "atomicwrites-1.4.0-py2.py3-none-any.whl", hash = "sha256:6d1784dea7c0c8d4a5172b6c620f40b6e4cbfdf96d783691f2e1302a7b88e197"},
    {file = "atomicwrites-1.4.0.tar.gz", hash = "sha256:ae70396ad1a434f9c7046fd2dd196fc04b12f9e91ffb859164193be8b6168a7a"},
]
attrs = [
    {file = "attrs-21.4.0-py2.py3-none-any.whl", hash = "sha256:2d27e3784d7a565d36ab851fe94887c5eccd6a463168875832a1be79c82828b4"},
    {file = "attrs-21.4.0.tar.gz", hash = "sha256:626ba8234211db98e869df76230a137c4c40a12d72445c45d5f5b716f076e2fd"},
]
click = [
    {file = "click-8.1.3-py3-none-any.whl", hash = "sha256:bb4d8133cb15a609f44e8213d9b391b0809795062913b383c62be0ee95b1db48"},
    {file = "click-8.1.3.tar.gz", hash = "sha256:7682dc8afb30297001674575ea00d1814d808d6a36af415a82bd481d37ba7b8e"},
]
colorama = [
    {file = "colorama-0.4.4-py2.py3-none-any.whl", hash = "sha256:9f47eda37229f68eee03b24b9748937c7dc3868f906e8ba69fbcbdd3bc5dc3e2"},
    {file = "colorama-0.4.4.tar.gz", hash = "sha256:5941b2b48a20143d2267e95b1c2a7603ce057ee39fd88e7329b0c292aa16869b"},
]
evdev = [
    {file = "evdev-1.5.0.tar.gz", hash = "sha256:5b33b174f7c84576e7dd6071e438bf5ad227da95efd4356a39fe4c8355412fe6"},
]
future = [
    {file = "future-0.18.2.tar.gz", hash = "sha256:b1bead90b70cf6ec3f0710ae53a525360fa360d306a86583adc6bf83a4db537d"},
]
importlib-metadata = [
    {file = "importlib_metadata-4.11.4-py3-none-any.whl", hash = "sha256:c58c8eb8a762858f49e18436ff552e83914778e50e9d2f1660535ffb364552ec"},
    {file = "importlib_metadata-4.11.4.tar.gz", hash = "sha256:5d26852efe48c0a32b0509ffbc583fda1a2266545a78d104a6f4aff3db17d700"},
]
macholib = [
    {file = "macholib-1.16-py2.py3-none-any.whl", hash = "sha256:5a0742b587e6e57bfade1ab90651d4877185bf66fd4a176a488116de36878229"},
    {file = "macholib-1.16.tar.gz", hash = "sha256:001bf281279b986a66d7821790d734e61150d52f40c080899df8fefae056e9f7"},
]
more-itertools = [
    {file = "more-itertools-8.13.0.tar.gz", hash = "sha256:a42901a0a5b169d925f6f217cd5a190e32ef54360905b9c39ee7db5313bfec0f"},
    {file = "more_itertools-8.13.0-py3-none-any.whl", hash = "sha256:c5122bffc5f104d37c1626b8615b511f3427aa5389b94d61e5ef8236bfbc3ddb"},
]
packaging = [
    {file = "packaging-21.3-py3-none-any.whl", hash = "sha256:ef103e05f519cdc783ae24ea4e2e0f508a9c99b2d4969652eed6a2e1ea5bd522"},
    {file = "packaging-21.3.tar.gz", hash = "sha256:dd47c42927d89ab911e606518907cc2d3a1f38bbd026385970643f9c5b8ecfeb"},
]
pefile = [
    {file = "pefile-2022.5.30.tar.gz", hash = "sha256:a5488a3dd1fd021ce33f969780b88fe0f7eebb76eb20996d7318f307612a045b"},
]
pika = [
    {file = "pika-1.2.1-py2.py3-none-any.whl", hash = "sha256:fe89e95fb2d8d06fd713eeae2938299941e0ec329db37afca758f5f9458ce169"},
    {file = "pika-1.2.1.tar.gz", hash = "sha256:e5fbf3a0a3599f4e114f6e4a7af096f9413a8f24f975c2657ba2fac3c931434f"},
]
pluggy = [
    {file = "pluggy-0.13.1-py2.py3-none-any.whl", hash = "sha256:966c145cd83c96502c3c3868f50408687b38434af77734af1e9ca461a4081d2d"},
    {file = "pluggy-0.13.1.tar.gz", hash = "sha256:15b2acde666561e1298d71b523007ed7364de07029219b604cf808bfa1c765b0"},
]
py = [
    {file = "py-1.11.0-py2.py3-none-any.whl", hash = "sha256:607c53218732647dff4acdfcd50cb62615cedf612e72d1724fb1a0cc6405b378"},
    {file = "py-1.11.0.tar.gz", hash = "sha256:51c75c4126074b472f746a24399ad32f6053d1b34b68d2fa41e558e6f4a98719"},
]
pyinstaller = [
    {file = "pyinstaller-5.1-py3-none-macosx_10_13_universal2.whl", hash = "sha256:3c9bc373b4a4bf6d81b306b9918e290a3de582d7b50a0f6f4e837970a4db0c54"},
    {file = "pyinstaller-5.1-py3-none-manylinux2014_aarch64.whl", hash = "sha256:ac003d49bbd62f6712b5631487049cee4f0a07445dd31c6d05e5724e33689fca"},
    {file = "pyinstaller-5.1-py3-none-manylinux2014_i686.whl", hash = "sha256:f786cb013ebfd3fb23ddb46285902663e31256220b12b368f8c36e859a77ebc9"},
    {file = "pyinstaller-5.1-py3-none-manylinux2014_ppc64le.whl", hash = "sha256:d8bfe5c32b4b5aaa91a5c1c7912fe3e5d13e7671f3468ee7742ec71ca192a975"},
    {file = "pyinstaller-5.1-py3-none-manylinux2014_s390x.whl", hash = "sha256:c421b46ebf81ad4498de480640ce1a47ac15dfd3938dfc2e1c0846cb5cdb0c59"},
    {file = "pyinstaller-5.1-py3-none-manylinux2014_x86_64.whl", hash = "sha256:588f2840c27a8a7e1b1fa361f107a1060c5096b36d3c94c243b23687ee41609d"},
    {file = "pyinstaller-5.1-py3-none-musllinux_1_1_aarch64.whl", hash = "sha256:d3852c1f8fe6ca2f5c7942c845dc6d1f6140aa7860fe3500eac3ac88875d1dd4"},
    {file = "pyinstaller-5.1-py3-none-musllinux_1_1_x86_64.whl", hash = "sha256:29b3f17d75ff58b12db7b0116df1b3382c8345aefd500a177987eaf0599dec03"},
    {file = "pyinstaller-5.1-py3-none-win32.whl", hash = "sha256:a90ee3181c88aed0893bf537a50ad547655f5d555a5b731215a5fe1946d2f3db"},
    {file = "pyinstaller-5.1-py3-none-win_amd64.whl", hash = "sha256:996e296d1dfe27c3e89efc26dbcc247f49c0801a9b5e22e2b39f5b983cf5c2f5"},
    {file = "pyinstaller-5.1.tar.gz", hash = "sha256:9596c70c860cbce19537354db95b180351959b4cd14a70db6ab1d1432668c313"},
]
pyinstaller-hooks-contrib = [
    {file = "pyinstaller-hooks-contrib-2022.7.tar.gz", hash = "sha256:6675634279cfe9e475580fb310c3d557037baefb065e6cb5a69a124361b926fd"},
    {file = "pyinstaller_hooks_contrib-2022.7-py2.py3-none-any.whl", hash = "sha256:5fdb97dcae177955db7ab27840cba97b89dc0c7f4fd9142bba0f9b8d8df85c48"},
]
pynput = [
    {file = "pynput-1.7.6-py2.py3-none-any.whl", hash = "sha256:19861b2a0c430d646489852f89500e0c9332e295f2c020e7c2775e7046aa2e2f"},
    {file = "pynput-1.7.6-py3.9.egg", hash = "sha256:264429fbe676e98e9050ad26a7017453bdd08768adb25cafb918347cf9f1eb4a"},
    {file = "pynput-1.7.6.tar.gz", hash = "sha256:3a5726546da54116b687785d38b1db56997ce1d28e53e8d22fc656d8b92e533c"},
]
pyobjc-core = [
    {file = "pyobjc-core-8.5.tar.gz", hash = "sha256:704c275439856c0d1287469f0d589a7d808d48b754a93d9ce5415d4eaf06d576"},
    {file = "pyobjc_core-8.5-cp310-cp310-macosx_10_9_universal2.whl", hash = "sha256:0c234143b48334443f5adcf26e668945a6d47bc1fa6223e80918c6c735a029d9"},
    {file = "pyobjc_core-8.5-cp36-cp36m-macosx_10_9_x86_64.whl", hash = "sha256:1486ee533f0d76f666804ce89723ada4db56bfde55e56151ba512d3f849857f8"},
    {file = "pyobjc_core-8.5-cp37-cp37m-macosx_10_9_x86_64.whl", hash = "sha256:412de06dfa728301c04b3e46fd7453320a8ae8b862e85236e547cd797a73b490"},
    {file = "pyobjc_core-8.5-cp38-cp38-macosx_10_9_x86_64.whl", hash = "sha256:0b3e09cccb1be574a82cc9f929ae27fc4283eccc75496cb5d51534caa6bb83a3"},
    {file = "pyobjc_core-8.5-cp38-cp38-macosx_11_0_universal2.whl", hash = "sha256:eeafe21f879666ab7f57efcc6b007c9f5f8733d367b7e380c925203ed83f000d"},
    {file = "pyobjc_core-8.5-cp39-cp39-macosx_10_9_universal2.whl", hash = "sha256:c0071686976d7ea8c14690950e504a13cb22b4ebb2bc7b5ec47c1c1c0f6eff41"},
]
pyobjc-framework-applicationservices = [
    {file = "pyobjc-framework-ApplicationServices-8.5.tar.gz", hash = "sha256:fa3015ef8e3add90af3447d7fdcc7f8dd083cc2a1d58f99a569480a2df10d2b1"},
    {file = "pyobjc_framework_ApplicationServices-8.5-cp310-cp310-macosx_10_9_universal2.whl", hash = "sha256:436b16ebe448a829a8312e10208eec81a2adcae1fff674dbcc3262e1bd76e0ca"},
    {file = "pyobjc_framework_ApplicationServices-8.5-cp36-cp36m-macosx_10_9_x86_64.whl", hash = "sha256:408958d14aa7fcf46f2163754c211078bc63be1368934d86188202914dce077d"},
    {file = "pyobjc_framework_ApplicationServices-8.5-cp37-cp37m-macosx_10_9_x86_64.whl", hash = "sha256:1d6cd4ce192859a22e208da4d7177a1c3ceb1ef2f64c339fd881102b1210cadd"},
    {file = "pyobjc_framework_ApplicationServices-8.5-cp38-cp38-macosx_10_9_x86_64.whl", hash = "sha256:0251d092adb1d2d116fd9f147ceef0e53b158a46c21245131c40b9d7b786d0db"},
    {file = "pyobjc_framework_ApplicationServices-8.5-cp38-cp38-macosx_11_0_universal2.whl", hash = "sha256:9742e69fe6d4545d0e02b0ad0a7a2432bc9944569ee07d6e90ffa5ef614df9f7"},
    {file = "pyobjc_framework_ApplicationServices-8.5-cp39-cp39-macosx_10_9_universal2.whl", hash = "sha256:16f5677c14ea903c6aaca1dd121521825c39e816cae696d6ae32c0b287252ab2"},
]
pyobjc-framework-cocoa = [
    {file = "pyobjc-framework-Cocoa-8.5.tar.gz", hash = "sha256:569bd3a020f64b536fb2d1c085b37553e50558c9f907e08b73ffc16ae68e1861"},
    {file = "pyobjc_framework_Cocoa-8.5-cp310-cp310-macosx_10_9_universal2.whl", hash = "sha256:7a7c160416696bf6035dfcdf0e603aaa52858d6afcddfcc5ab41733619ac2529"},
    {file = "pyobjc_framework_Cocoa-8.5-cp36-cp36m-macosx_10_9_x86_64.whl", hash = "sha256:6ceba444282030be8596b812260e8d28b671254a51052ad778d32da6e17db847"},
    {file = "pyobjc_framework_Cocoa-8.5-cp37-cp37m-macosx_10_9_x86_64.whl", hash = "sha256:f46b2b161b8dd40c7b9e00bc69636c3e6480b2704a69aee22ee0154befbe163a"},
    {file = "pyobjc_framework_Cocoa-8.5-cp38-cp38-macosx_10_9_x86_64.whl", hash = "sha256:b31d425aee8698cbf62b187338f5ca59427fa4dca2153a73866f7cb410713119"},
    {file = "pyobjc_framework_Cocoa-8.5-cp38-cp38-macosx_11_0_universal2.whl", hash = "sha256:898359ac1f76eedec8aa156847682378a8950824421c40edb89391286e607dc4"},
    {file = "pyobjc_framework_Cocoa-8.5-cp39-cp39-macosx_10_9_universal2.whl", hash = "sha256:baa2947f76b119a3360973d74d57d6dada87ac527bab9a88f31596af392f123c"},
]
pyobjc-framework-quartz = [
    {file = "pyobjc-framework-Quartz-8.5.tar.gz", hash = "sha256:d2bc5467a792ddc04814f12a1e9c2fcaf699a1c3ad3d4264cfdce6b9c7b10624"},
    {file = "pyobjc_framework_Quartz-8.5-cp310-cp310-macosx_10_9_universal2.whl", hash = "sha256:e9f0fb663f7872c9de94169031ac42b91ad01bd4cad49a9f1a0164be8f028426"},
    {file = "pyobjc_framework_Quartz-8.5-cp36-cp36m-macosx_10_9_x86_64.whl", hash = "sha256:567eec91287cfe9a1b6433717192c585935de8f3daa28d82ce72fdd6c7ac00f6"},
    {file = "pyobjc_framework_Quartz-8.5-cp37-cp37m-macosx_10_9_x86_64.whl", hash = "sha256:9f910ab41a712ffc7a8c3e3716a2d6f39ea4419004b26a2fd2d2f740ff5c262c"},
    {file = "pyobjc_framework_Quartz-8.5-cp38-cp38-macosx_10_9_x86_64.whl", hash = "sha256:29d07066781628278bf0e5278abcfc96ef6724c66c5629a0b4c214d319a82e55"},
    {file = "pyobjc_framework_Quartz-8.5-cp38-cp38-macosx_11_0_universal2.whl", hash = "sha256:72abcde1a3d72be11f2c881c9b9872044c8f2de86d2047b67fe771713638b107"},
    {file = "pyobjc_framework_Quartz-8.5-cp39-cp39-macosx_10_9_universal2.whl", hash = "sha256:8809b9a2df2f461697bdb45b6d1b5a4f881f88f09450e3990858e64e3e26c530"},
]
pyparsing = [
    {file = "pyparsing-3.0.9-py3-none-any.whl", hash = "sha256:5026bae9a10eeaefb61dab2f09052b9f4307d44aee4eda64b309723d8d206bbc"},
    {file = "pyparsing-3.0.9.tar.gz", hash = "sha256:2b020ecf7d21b687f219b71ecad3631f644a47f01403fa1d1036b0c6416d70fb"},
]
pytest = [
    {file = "pytest-5.4.3-py3-none-any.whl", hash = "sha256:5c0db86b698e8f170ba4582a492248919255fcd4c79b1ee64ace34301fb589a1"},
    {file = "pytest-5.4.3.tar.gz", hash = "sha256:7979331bfcba207414f5e1263b5a0f8f521d0f457318836a7355531ed1a4c7d8"},
]
python-xlib = [
    {file = "python-xlib-0.31.tar.gz", hash = "sha256:74d83a081f532bc07f6d7afcd6416ec38403d68f68b9b9dc9e1f28fbf2d799e9"},
    {file = "python_xlib-0.31-py2.py3-none-any.whl", hash = "sha256:1ec6ce0de73d9e6592ead666779a5732b384e5b8fb1f1886bd0a81cafa477759"},
]
pywin32-ctypes = [
    {file = "pywin32-ctypes-0.2.0.tar.gz", hash = "sha256:24ffc3b341d457d48e8922352130cf2644024a4ff09762a2261fd34c36ee5942"},
    {file = "pywin32_ctypes-0.2.0-py2.py3-none-any.whl", hash = "sha256:9dc2d991b3479cc2df15930958b674a48a227d5361d413827a4cfd0b5876fc98"},
]
setuptools = [
    {file = "setuptools-62.3.4-py3-none-any.whl", hash = "sha256:30b6b0fbacc459c90d27a63e6173facfc8b8c99a48fb24b5044f459ba63cd6cf"},
    {file = "setuptools-62.3.4.tar.gz", hash = "sha256:1f5d3a1502812025cdb2e5609b6af2d207332e3f50febe6db10ed3a59b2f155f"},
]
six = [
    {file = "six-1.16.0-py2.py3-none-any.whl", hash = "sha256:8abb2f1d86890a2dfb989f9a77cfcfd3e47c2a354b01111771326f8aa26e0254"},
    {file = "six-1.16.0.tar.gz", hash = "sha256:1e61c37477a1626458e36f7b1d82aa5c9b094fa4802892072e49de9c60c4c926"},
]
typer = [
    {file = "typer-0.4.1-py3-none-any.whl", hash = "sha256:e8467f0ebac0c81366c2168d6ad9f888efdfb6d4e1d3d5b4a004f46fa444b5c3"},
    {file = "typer-0.4.1.tar.gz", hash = "sha256:5646aef0d936b2c761a10393f0384ee6b5c7fe0bb3e5cd710b17134ca1d99cff"},
]
typing-extensions = [
    {file = "typing_extensions-4.2.0-py3-none-any.whl", hash = "sha256:6657594ee297170d19f67d55c05852a874e7eb634f4f753dbd667855e07c1708"},
    {file = "typing_extensions-4.2.0.tar.gz", hash = "sha256:f1c24655a0da0d1b67f07e17a5e6b2a105894e6824b92096378bb3668ef02376"},
]
wcwidth = [
    {file = "wcwidth-0.2.5-py2.py3-none-any.whl", hash = "sha256:beb4802a9cebb9144e99086eff703a642a13d6a0052920003a230f3294bbe784"},
    {file = "wcwidth-0.2.5.tar.gz", hash = "sha256:c4d647b99872929fdb7bdcaa4fbe7f01413ed3d98077df798530e5b04f116c83"},
]
zipp = [
    {file = "zipp-3.8.0-py3-none-any.whl", hash = "sha256:c4f6e5bbf48e74f7a38e7cc5b0480ff42b0ae5178957d564d18932525d5cf099"},
    {file = "zipp-3.8.0.tar.gz", hash = "sha256:56bf8aadb83c24db6c4b577e13de374ccfb67da2078beba1d037c17980bf43ad"},
]
